
Microsoft Visual Studio Solution File, Format Version 12.00
# Visual Studio 14
VisualStudioVersion = 14.0.25420.1
MinimumVisualStudioVersion = 10.0.40219.1
Project("{8BC9CEB8-8B4A-11D0-8D11-00A0C91BC942}") = "MisrToolkit", "MisrToolkit\MisrToolkit.vcxproj", "{07E17EBB-A783-4136-96D4-3C37314F2286}"
EndProject
Project("{8BC9CEB8-8B4A-11D0-8D11-00A0C91BC942}") = "example", "example\example.vcxproj", "{BD5A965E-624C-4FBE-8D89-DE53611F404C}"
EndProject
Global
	GlobalSection(SolutionConfigurationPlatforms) = preSolution
		Debug|x64 = Debug|x64
		Debug|x86 = Debug|x86
		Release|x64 = Release|x64
		Release|x86 = Release|x86
	EndGlobalSection
	GlobalSection(ProjectConfigurationPlatforms) = postSolution
		{07E17EBB-A783-4136-96D4-3C37314F2286}.Debug|x64.ActiveCfg = Debug|x64
		{07E17EBB-A783-4136-96D4-3C37314F2286}.Debug|x64.Build.0 = Debug|x64
		{07E17EBB-A783-4136-96D4-3C37314F2286}.Debug|x86.ActiveCfg = Debug|Win32
		{07E17EBB-A783-4136-96D4-3C37314F2286}.Debug|x86.Build.0 = Debug|Win32
		{07E17EBB-A783-4136-96D4-3C37314F2286}.Release|x64.ActiveCfg = Release|x64
		{07E17EBB-A783-4136-96D4-3C37314F2286}.Release|x64.Build.0 = Release|x64
		{07E17EBB-A783-4136-96D4-3C37314F2286}.Release|x86.ActiveCfg = Release|Win32
		{07E17EBB-A783-4136-96D4-3C37314F2286}.Release|x86.Build.0 = Release|Win32
		{BD5A965E-624C-4FBE-8D89-DE53611F404C}.Debug|x64.ActiveCfg = Debug|x64
		{BD5A965E-624C-4FBE-8D89-DE53611F404C}.Debug|x64.Build.0 = Debug|x64
		{BD5A965E-624C-4FBE-8D89-DE53611F404C}.Debug|x86.ActiveCfg = Debug|Win32
		{BD5A965E-624C-4FBE-8D89-DE53611F404C}.Debug|x86.Build.0 = Debug|Win32
		{BD5A965E-624C-4FBE-8D89-DE53611F404C}.Release|x64.ActiveCfg = Release|x64
		{BD5A965E-624C-4FBE-8D89-DE53611F404C}.Release|x64.Build.0 = Release|x64
		{BD5A965E-624C-4FBE-8D89-DE53611F404C}.Release|x86.ActiveCfg = Release|Win32
		{BD5A965E-624C-4FBE-8D89-DE53611F404C}.Release|x86.Build.0 = Release|Win32
	EndGlobalSection
	GlobalSection(SolutionProperties) = preSolution
		HideSolutionNode = FALSE
	EndGlobalSection
EndGlobal
